// !$*UTF8*$!
{
	archiveVersion = 1;
	classes = {
	};
	objectVersion = 46;
	objects = {

/* Begin PBXBuildFile section */
		D946B17A1A69BDC000369EE7 /* main.m in Sources */ = {isa = PBXBuildFile; fileRef = D946B1791A69BDC000369EE7 /* main.m */; };
		D946B17D1A69BDC000369EE7 /* AppDelegate.m in Sources */ = {isa = PBXBuildFile; fileRef = D946B17C1A69BDC000369EE7 /* AppDelegate.m */; };
		D946B1801A69BDC000369EE7 /* knockBasic.xcdatamodeld in Sources */ = {isa = PBXBuildFile; fileRef = D946B17E1A69BDC000369EE7 /* knockBasic.xcdatamodeld */; };
		D946B1831A69BDC000369EE7 /* ViewController.m in Sources */ = {isa = PBXBuildFile; fileRef = D946B1821A69BDC000369EE7 /* ViewController.m */; };
		D946B1861A69BDC000369EE7 /* Main.storyboard in Resources */ = {isa = PBXBuildFile; fileRef = D946B1841A69BDC000369EE7 /* Main.storyboard */; };
		D946B1881A69BDC000369EE7 /* Images.xcassets in Resources */ = {isa = PBXBuildFile; fileRef = D946B1871A69BDC000369EE7 /* Images.xcassets */; };
		D946B18B1A69BDC000369EE7 /* LaunchScreen.xib in Resources */ = {isa = PBXBuildFile; fileRef = D946B1891A69BDC000369EE7 /* LaunchScreen.xib */; };
		D946B1971A69BDC100369EE7 /* knockBasicTests.m in Sources */ = {isa = PBXBuildFile; fileRef = D946B1961A69BDC100369EE7 /* knockBasicTests.m */; };
		D946B1A11A69D19800369EE7 /* CoreLocation.framework in Frameworks */ = {isa = PBXBuildFile; fileRef = D946B1A01A69D19800369EE7 /* CoreLocation.framework */; };
		D946B1A41A6C380B00369EE7 /* Bolts.framework in Frameworks */ = {isa = PBXBuildFile; fileRef = D946B1A21A6C380B00369EE7 /* Bolts.framework */; };
		D946B1A51A6C380B00369EE7 /* Parse.framework in Frameworks */ = {isa = PBXBuildFile; fileRef = D946B1A31A6C380B00369EE7 /* Parse.framework */; };
		D946B1A71A6C389000369EE7 /* AudioToolbox.framework in Frameworks */ = {isa = PBXBuildFile; fileRef = D946B1A61A6C389000369EE7 /* AudioToolbox.framework */; };
		D946B1A91A6C389600369EE7 /* CFNetwork.framework in Frameworks */ = {isa = PBXBuildFile; fileRef = D946B1A81A6C389600369EE7 /* CFNetwork.framework */; };
		D946B1AB1A6C389C00369EE7 /* CoreGraphics.framework in Frameworks */ = {isa = PBXBuildFile; fileRef = D946B1AA1A6C389C00369EE7 /* CoreGraphics.framework */; };
		D946B1AD1A6C38A300369EE7 /* MobileCoreServices.framework in Frameworks */ = {isa = PBXBuildFile; fileRef = D946B1AC1A6C38A300369EE7 /* MobileCoreServices.framework */; };
		D946B1AF1A6C38A900369EE7 /* QuartzCore.framework in Frameworks */ = {isa = PBXBuildFile; fileRef = D946B1AE1A6C38A900369EE7 /* QuartzCore.framework */; };
		D946B1B11A6C38B100369EE7 /* Security.framework in Frameworks */ = {isa = PBXBuildFile; fileRef = D946B1B01A6C38B100369EE7 /* Security.framework */; };
		D946B1B31A6C38B700369EE7 /* StoreKit.framework in Frameworks */ = {isa = PBXBuildFile; fileRef = D946B1B21A6C38B700369EE7 /* StoreKit.framework */; };
		D946B1B51A6C38BE00369EE7 /* SystemConfiguration.framework in Frameworks */ = {isa = PBXBuildFile; fileRef = D946B1B41A6C38BE00369EE7 /* SystemConfiguration.framework */; };
		D946B1B71A6C38CD00369EE7 /* libz.dylib in Frameworks */ = {isa = PBXBuildFile; fileRef = D946B1B61A6C38CD00369EE7 /* libz.dylib */; };
		D946B1B91A6C38D700369EE7 /* libsqlite3.dylib in Frameworks */ = {isa = PBXBuildFile; fileRef = D946B1B81A6C38D700369EE7 /* libsqlite3.dylib */; };
/* End PBXBuildFile section */

/* Begin PBXContainerItemProxy section */
		D946B1911A69BDC100369EE7 /* PBXContainerItemProxy */ = {
			isa = PBXContainerItemProxy;
			containerPortal = D946B16C1A69BDC000369EE7 /* Project object */;
			proxyType = 1;
			remoteGlobalIDString = D946B1731A69BDC000369EE7;
			remoteInfo = knockBasic;
		};
/* End PBXContainerItemProxy section */

/* Begin PBXFileReference section */
		D946B1741A69BDC000369EE7 /* knockBasic.app */ = {isa = PBXFileReference; explicitFileType = wrapper.application; includeInIndex = 0; path = knockBasic.app; sourceTree = BUILT_PRODUCTS_DIR; };
		D946B1781A69BDC000369EE7 /* Info.plist */ = {isa = PBXFileReference; lastKnownFileType = text.plist.xml; path = Info.plist; sourceTree = "<group>"; };
		D946B1791A69BDC000369EE7 /* main.m */ = {isa = PBXFileReference; lastKnownFileType = sourcecode.c.objc; path = main.m; sourceTree = "<group>"; };
		D946B17B1A69BDC000369EE7 /* AppDelegate.h */ = {isa = PBXFileReference; lastKnownFileType = sourcecode.c.h; path = AppDelegate.h; sourceTree = "<group>"; };
		D946B17C1A69BDC000369EE7 /* AppDelegate.m */ = {isa = PBXFileReference; lastKnownFileType = sourcecode.c.objc; path = AppDelegate.m; sourceTree = "<group>"; };
		D946B17F1A69BDC000369EE7 /* knockBasic.xcdatamodel */ = {isa = PBXFileReference; lastKnownFileType = wrapper.xcdatamodel; path = knockBasic.xcdatamodel; sourceTree = "<group>"; };
		D946B1811A69BDC000369EE7 /* ViewController.h */ = {isa = PBXFileReference; lastKnownFileType = sourcecode.c.h; path = ViewController.h; sourceTree = "<group>"; };
		D946B1821A69BDC000369EE7 /* ViewController.m */ = {isa = PBXFileReference; lastKnownFileType = sourcecode.c.objc; path = ViewController.m; sourceTree = "<group>"; };
		D946B1851A69BDC000369EE7 /* Base */ = {isa = PBXFileReference; lastKnownFileType = file.storyboard; name = Base; path = Base.lproj/Main.storyboard; sourceTree = "<group>"; };
		D946B1871A69BDC000369EE7 /* Images.xcassets */ = {isa = PBXFileReference; lastKnownFileType = folder.assetcatalog; path = Images.xcassets; sourceTree = "<group>"; };
		D946B18A1A69BDC000369EE7 /* Base */ = {isa = PBXFileReference; lastKnownFileType = file.xib; name = Base; path = Base.lproj/LaunchScreen.xib; sourceTree = "<group>"; };
		D946B1901A69BDC100369EE7 /* knockBasicTests.xctest */ = {isa = PBXFileReference; explicitFileType = wrapper.cfbundle; includeInIndex = 0; path = knockBasicTests.xctest; sourceTree = BUILT_PRODUCTS_DIR; };
		D946B1951A69BDC100369EE7 /* Info.plist */ = {isa = PBXFileReference; lastKnownFileType = text.plist.xml; path = Info.plist; sourceTree = "<group>"; };
		D946B1961A69BDC100369EE7 /* knockBasicTests.m */ = {isa = PBXFileReference; lastKnownFileType = sourcecode.c.objc; path = knockBasicTests.m; sourceTree = "<group>"; };
		D946B1A01A69D19800369EE7 /* CoreLocation.framework */ = {isa = PBXFileReference; lastKnownFileType = wrapper.framework; name = CoreLocation.framework; path = System/Library/Frameworks/CoreLocation.framework; sourceTree = SDKROOT; };
		D946B1A21A6C380B00369EE7 /* Bolts.framework */ = {isa = PBXFileReference; lastKnownFileType = wrapper.framework; path = Bolts.framework; sourceTree = "<group>"; };
		D946B1A31A6C380B00369EE7 /* Parse.framework */ = {isa = PBXFileReference; lastKnownFileType = wrapper.framework; path = Parse.framework; sourceTree = "<group>"; };
		D946B1A61A6C389000369EE7 /* AudioToolbox.framework */ = {isa = PBXFileReference; lastKnownFileType = wrapper.framework; name = AudioToolbox.framework; path = System/Library/Frameworks/AudioToolbox.framework; sourceTree = SDKROOT; };
		D946B1A81A6C389600369EE7 /* CFNetwork.framework */ = {isa = PBXFileReference; lastKnownFileType = wrapper.framework; name = CFNetwork.framework; path = System/Library/Frameworks/CFNetwork.framework; sourceTree = SDKROOT; };
		D946B1AA1A6C389C00369EE7 /* CoreGraphics.framework */ = {isa = PBXFileReference; lastKnownFileType = wrapper.framework; name = CoreGraphics.framework; path = System/Library/Frameworks/CoreGraphics.framework; sourceTree = SDKROOT; };
		D946B1AC1A6C38A300369EE7 /* MobileCoreServices.framework */ = {isa = PBXFileReference; lastKnownFileType = wrapper.framework; name = MobileCoreServices.framework; path = System/Library/Frameworks/MobileCoreServices.framework; sourceTree = SDKROOT; };
		D946B1AE1A6C38A900369EE7 /* QuartzCore.framework */ = {isa = PBXFileReference; lastKnownFileType = wrapper.framework; name = QuartzCore.framework; path = System/Library/Frameworks/QuartzCore.framework; sourceTree = SDKROOT; };
		D946B1B01A6C38B100369EE7 /* Security.framework */ = {isa = PBXFileReference; lastKnownFileType = wrapper.framework; name = Security.framework; path = System/Library/Frameworks/Security.framework; sourceTree = SDKROOT; };
		D946B1B21A6C38B700369EE7 /* StoreKit.framework */ = {isa = PBXFileReference; lastKnownFileType = wrapper.framework; name = StoreKit.framework; path = System/Library/Frameworks/StoreKit.framework; sourceTree = SDKROOT; };
		D946B1B41A6C38BE00369EE7 /* SystemConfiguration.framework */ = {isa = PBXFileReference; lastKnownFileType = wrapper.framework; name = SystemConfiguration.framework; path = System/Library/Frameworks/SystemConfiguration.framework; sourceTree = SDKROOT; };
		D946B1B61A6C38CD00369EE7 /* libz.dylib */ = {isa = PBXFileReference; lastKnownFileType = "compiled.mach-o.dylib"; name = libz.dylib; path = usr/lib/libz.dylib; sourceTree = SDKROOT; };
		D946B1B81A6C38D700369EE7 /* libsqlite3.dylib */ = {isa = PBXFileReference; lastKnownFileType = "compiled.mach-o.dylib"; name = libsqlite3.dylib; path = usr/lib/libsqlite3.dylib; sourceTree = SDKROOT; };
/* End PBXFileReference section */

/* Begin PBXFrameworksBuildPhase section */
		D946B1711A69BDC000369EE7 /* Frameworks */ = {
			isa = PBXFrameworksBuildPhase;
			buildActionMask = 2147483647;
			files = (
				D946B1B91A6C38D700369EE7 /* libsqlite3.dylib in Frameworks */,
				D946B1B71A6C38CD00369EE7 /* libz.dylib in Frameworks */,
				D946B1B51A6C38BE00369EE7 /* SystemConfiguration.framework in Frameworks */,
				D946B1B31A6C38B700369EE7 /* StoreKit.framework in Frameworks */,
				D946B1B11A6C38B100369EE7 /* Security.framework in Frameworks */,
				D946B1AF1A6C38A900369EE7 /* QuartzCore.framework in Frameworks */,
				D946B1AD1A6C38A300369EE7 /* MobileCoreServices.framework in Frameworks */,
				D946B1AB1A6C389C00369EE7 /* CoreGraphics.framework in Frameworks */,
				D946B1A91A6C389600369EE7 /* CFNetwork.framework in Frameworks */,
				D946B1A71A6C389000369EE7 /* AudioToolbox.framework in Frameworks */,
				D946B1A11A69D19800369EE7 /* CoreLocation.framework in Frameworks */,
				D946B1A51A6C380B00369EE7 /* Parse.framework in Frameworks */,
				D946B1A41A6C380B00369EE7 /* Bolts.framework in Frameworks */,
			);
			runOnlyForDeploymentPostprocessing = 0;
		};
		D946B18D1A69BDC100369EE7 /* Frameworks */ = {
			isa = PBXFrameworksBuildPhase;
			buildActionMask = 2147483647;
			files = (
			);
			runOnlyForDeploymentPostprocessing = 0;
		};
/* End PBXFrameworksBuildPhase section */

/* Begin PBXGroup section */
		D946B16B1A69BDC000369EE7 = {
			isa = PBXGroup;
			children = (
				D946B1B81A6C38D700369EE7 /* libsqlite3.dylib */,
				D946B1B61A6C38CD00369EE7 /* libz.dylib */,
				D946B1B41A6C38BE00369EE7 /* SystemConfiguration.framework */,
				D946B1B21A6C38B700369EE7 /* StoreKit.framework */,
				D946B1B01A6C38B100369EE7 /* Security.framework */,
				D946B1AE1A6C38A900369EE7 /* QuartzCore.framework */,
				D946B1AC1A6C38A300369EE7 /* MobileCoreServices.framework */,
				D946B1AA1A6C389C00369EE7 /* CoreGraphics.framework */,
				D946B1A81A6C389600369EE7 /* CFNetwork.framework */,
				D946B1A61A6C389000369EE7 /* AudioToolbox.framework */,
				D946B1A21A6C380B00369EE7 /* Bolts.framework */,
				D946B1A31A6C380B00369EE7 /* Parse.framework */,
				D946B1A01A69D19800369EE7 /* CoreLocation.framework */,
				D946B1761A69BDC000369EE7 /* knockBasic */,
				D946B1931A69BDC100369EE7 /* knockBasicTests */,
				D946B1751A69BDC000369EE7 /* Products */,
			);
			sourceTree = "<group>";
		};
		D946B1751A69BDC000369EE7 /* Products */ = {
			isa = PBXGroup;
			children = (
				D946B1741A69BDC000369EE7 /* knockBasic.app */,
				D946B1901A69BDC100369EE7 /* knockBasicTests.xctest */,
			);
			name = Products;
			sourceTree = "<group>";
		};
		D946B1761A69BDC000369EE7 /* knockBasic */ = {
			isa = PBXGroup;
			children = (
				D946B17B1A69BDC000369EE7 /* AppDelegate.h */,
				D946B17C1A69BDC000369EE7 /* AppDelegate.m */,
				D946B1811A69BDC000369EE7 /* ViewController.h */,
				D946B1821A69BDC000369EE7 /* ViewController.m */,
				D946B1841A69BDC000369EE7 /* Main.storyboard */,
				D946B1871A69BDC000369EE7 /* Images.xcassets */,
				D946B1891A69BDC000369EE7 /* LaunchScreen.xib */,
				D946B17E1A69BDC000369EE7 /* knockBasic.xcdatamodeld */,
				D946B1771A69BDC000369EE7 /* Supporting Files */,
			);
			path = knockBasic;
			sourceTree = "<group>";
		};
		D946B1771A69BDC000369EE7 /* Supporting Files */ = {
			isa = PBXGroup;
			children = (
				D946B1781A69BDC000369EE7 /* Info.plist */,
				D946B1791A69BDC000369EE7 /* main.m */,
			);
			name = "Supporting Files";
			sourceTree = "<group>";
		};
		D946B1931A69BDC100369EE7 /* knockBasicTests */ = {
			isa = PBXGroup;
			children = (
				D946B1961A69BDC100369EE7 /* knockBasicTests.m */,
				D946B1941A69BDC100369EE7 /* Supporting Files */,
			);
			path = knockBasicTests;
			sourceTree = "<group>";
		};
		D946B1941A69BDC100369EE7 /* Supporting Files */ = {
			isa = PBXGroup;
			children = (
				D946B1951A69BDC100369EE7 /* Info.plist */,
			);
			name = "Supporting Files";
			sourceTree = "<group>";
		};
/* End PBXGroup section */

/* Begin PBXNativeTarget section */
		D946B1731A69BDC000369EE7 /* knockBasic */ = {
			isa = PBXNativeTarget;
			buildConfigurationList = D946B19A1A69BDC100369EE7 /* Build configuration list for PBXNativeTarget "knockBasic" */;
			buildPhases = (
				D946B1701A69BDC000369EE7 /* Sources */,
				D946B1711A69BDC000369EE7 /* Frameworks */,
				D946B1721A69BDC000369EE7 /* Resources */,
			);
			buildRules = (
			);
			dependencies = (
			);
			name = knockBasic;
			productName = knockBasic;
			productReference = D946B1741A69BDC000369EE7 /* knockBasic.app */;
			productType = "com.apple.product-type.application";
		};
		D946B18F1A69BDC100369EE7 /* knockBasicTests */ = {
			isa = PBXNativeTarget;
			buildConfigurationList = D946B19D1A69BDC100369EE7 /* Build configuration list for PBXNativeTarget "knockBasicTests" */;
			buildPhases = (
				D946B18C1A69BDC100369EE7 /* Sources */,
				D946B18D1A69BDC100369EE7 /* Frameworks */,
				D946B18E1A69BDC100369EE7 /* Resources */,
			);
			buildRules = (
			);
			dependencies = (
				D946B1921A69BDC100369EE7 /* PBXTargetDependency */,
			);
			name = knockBasicTests;
			productName = knockBasicTests;
			productReference = D946B1901A69BDC100369EE7 /* knockBasicTests.xctest */;
			productType = "com.apple.product-type.bundle.unit-test";
		};
/* End PBXNativeTarget section */

/* Begin PBXProject section */
		D946B16C1A69BDC000369EE7 /* Project object */ = {
			isa = PBXProject;
			attributes = {
				LastUpgradeCheck = 0610;
				ORGANIZATIONNAME = "David Brodegard";
				TargetAttributes = {
					D946B1731A69BDC000369EE7 = {
						CreatedOnToolsVersion = 6.1.1;
					};
					D946B18F1A69BDC100369EE7 = {
						CreatedOnToolsVersion = 6.1.1;
						TestTargetID = D946B1731A69BDC000369EE7;
					};
				};
			};
			buildConfigurationList = D946B16F1A69BDC000369EE7 /* Build configuration list for PBXProject "knockBasic" */;
			compatibilityVersion = "Xcode 3.2";
			developmentRegion = English;
			hasScannedForEncodings = 0;
			knownRegions = (
				en,
				Base,
			);
			mainGroup = D946B16B1A69BDC000369EE7;
			productRefGroup = D946B1751A69BDC000369EE7 /* Products */;
			projectDirPath = "";
			projectRoot = "";
			targets = (
				D946B1731A69BDC000369EE7 /* knockBasic */,
				D946B18F1A69BDC100369EE7 /* knockBasicTests */,
			);
		};
/* End PBXProject section */

/* Begin PBXResourcesBuildPhase section */
		D946B1721A69BDC000369EE7 /* Resources */ = {
			isa = PBXResourcesBuildPhase;
			buildActionMask = 2147483647;
			files = (
				D946B1861A69BDC000369EE7 /* Main.storyboard in Resources */,
				D946B18B1A69BDC000369EE7 /* LaunchScreen.xib in Resources */,
				D946B1881A69BDC000369EE7 /* Images.xcassets in Resources */,
			);
			runOnlyForDeploymentPostprocessing = 0;
		};
		D946B18E1A69BDC100369EE7 /* Resources */ = {
			isa = PBXResourcesBuildPhase;
			buildActionMask = 2147483647;
			files = (
			);
			runOnlyForDeploymentPostprocessing = 0;
		};
/* End PBXResourcesBuildPhase section */

/* Begin PBXSourcesBuildPhase section */
		D946B1701A69BDC000369EE7 /* Sources */ = {
			isa = PBXSourcesBuildPhase;
			buildActionMask = 2147483647;
			files = (
				D946B17D1A69BDC000369EE7 /* AppDelegate.m in Sources */,
				D946B1801A69BDC000369EE7 /* knockBasic.xcdatamodeld in Sources */,
				D946B1831A69BDC000369EE7 /* ViewController.m in Sources */,
				D946B17A1A69BDC000369EE7 /* main.m in Sources */,
			);
			runOnlyForDeploymentPostprocessing = 0;
		};
		D946B18C1A69BDC100369EE7 /* Sources */ = {
			isa = PBXSourcesBuildPhase;
			buildActionMask = 2147483647;
			files = (
				D946B1971A69BDC100369EE7 /* knockBasicTests.m in Sources */,
			);
			runOnlyForDeploymentPostprocessing = 0;
		};
/* End PBXSourcesBuildPhase section */

/* Begin PBXTargetDependency section */
		D946B1921A69BDC100369EE7 /* PBXTargetDependency */ = {
			isa = PBXTargetDependency;
			target = D946B1731A69BDC000369EE7 /* knockBasic */;
			targetProxy = D946B1911A69BDC100369EE7 /* PBXContainerItemProxy */;
		};
/* End PBXTargetDependency section */

/* Begin PBXVariantGroup section */
		D946B1841A69BDC000369EE7 /* Main.storyboard */ = {
			isa = PBXVariantGroup;
			children = (
				D946B1851A69BDC000369EE7 /* Base */,
			);
			name = Main.storyboard;
			sourceTree = "<group>";
		};
		D946B1891A69BDC000369EE7 /* LaunchScreen.xib */ = {
			isa = PBXVariantGroup;
			children = (
				D946B18A1A69BDC000369EE7 /* Base */,
			);
			name = LaunchScreen.xib;
			sourceTree = "<group>";
		};
/* End PBXVariantGroup section */

/* Begin XCBuildConfiguration section */
		D946B1981A69BDC100369EE7 /* Debug */ = {
			isa = XCBuildConfiguration;
			buildSettings = {
				ALWAYS_SEARCH_USER_PATHS = NO;
				CLANG_CXX_LANGUAGE_STANDARD = "gnu++0x";
				CLANG_CXX_LIBRARY = "libc++";
				CLANG_ENABLE_MODULES = YES;
				CLANG_ENABLE_OBJC_ARC = YES;
				CLANG_WARN_BOOL_CONVERSION = YES;
				CLANG_WARN_CONSTANT_CONVERSION = YES;
				CLANG_WARN_DIRECT_OBJC_ISA_USAGE = YES_ERROR;
				CLANG_WARN_EMPTY_BODY = YES;
				CLANG_WARN_ENUM_CONVERSION = YES;
				CLANG_WARN_INT_CONVERSION = YES;
				CLANG_WARN_OBJC_ROOT_CLASS = YES_ERROR;
				CLANG_WARN_UNREACHABLE_CODE = YES;
				CLANG_WARN__DUPLICATE_METHOD_MATCH = YES;
				"CODE_SIGN_IDENTITY[sdk=iphoneos*]" = "iPhone Developer";
				COPY_PHASE_STRIP = NO;
				ENABLE_STRICT_OBJC_MSGSEND = YES;
				GCC_C_LANGUAGE_STANDARD = gnu99;
				GCC_DYNAMIC_NO_PIC = NO;
				GCC_OPTIMIZATION_LEVEL = 0;
				GCC_PREPROCESSOR_DEFINITIONS = (
					"DEBUG=1",
					"$(inherited)",
				);
				GCC_SYMBOLS_PRIVATE_EXTERN = NO;
				GCC_WARN_64_TO_32_BIT_CONVERSION = YES;
				GCC_WARN_ABOUT_RETURN_TYPE = YES_ERROR;
				GCC_WARN_UNDECLARED_SELECTOR = YES;
				GCC_WARN_UNINITIALIZED_AUTOS = YES_AGGRESSIVE;
				GCC_WARN_UNUSED_FUNCTION = YES;
				GCC_WARN_UNUSED_VARIABLE = YES;
				IPHONEOS_DEPLOYMENT_TARGET = 8.1;
				MTL_ENABLE_DEBUG_INFO = YES;
				ONLY_ACTIVE_ARCH = YES;
				SDKROOT = iphoneos;
			};
			name = Debug;
		};
		D946B1991A69BDC100369EE7 /* Release */ = {
			isa = XCBuildConfiguration;
			buildSettings = {
				ALWAYS_SEARCH_USER_PATHS = NO;
				CLANG_CXX_LANGUAGE_STANDARD = "gnu++0x";
				CLANG_CXX_LIBRARY = "libc++";
				CLANG_ENABLE_MODULES = YES;
				CLANG_ENABLE_OBJC_ARC = YES;
				CLANG_WARN_BOOL_CONVERSION = YES;
				CLANG_WARN_CONSTANT_CONVERSION = YES;
				CLANG_WARN_DIRECT_OBJC_ISA_USAGE = YES_ERROR;
				CLANG_WARN_EMPTY_BODY = YES;
				CLANG_WARN_ENUM_CONVERSION = YES;
				CLANG_WARN_INT_CONVERSION = YES;
				CLANG_WARN_OBJC_ROOT_CLASS = YES_ERROR;
				CLANG_WARN_UNREACHABLE_CODE = YES;
				CLANG_WARN__DUPLICATE_METHOD_MATCH = YES;
				"CODE_SIGN_IDENTITY[sdk=iphoneos*]" = "iPhone Developer";
				COPY_PHASE_STRIP = YES;
				ENABLE_NS_ASSERTIONS = NO;
				ENABLE_STRICT_OBJC_MSGSEND = YES;
				GCC_C_LANGUAGE_STANDARD = gnu99;
				GCC_WARN_64_TO_32_BIT_CONVERSION = YES;
				GCC_WARN_ABOUT_RETURN_TYPE = YES_ERROR;
				GCC_WARN_UNDECLARED_SELECTOR = YES;
				GCC_WARN_UNINITIALIZED_AUTOS = YES_AGGRESSIVE;
				GCC_WARN_UNUSED_FUNCTION = YES;
				GCC_WARN_UNUSED_VARIABLE = YES;
				IPHONEOS_DEPLOYMENT_TARGET = 8.1;
				MTL_ENABLE_DEBUG_INFO = NO;
				SDKROOT = iphoneos;
				VALIDATE_PRODUCT = YES;
			};
			name = Release;
		};
		D946B19B1A69BDC100369EE7 /* Debug */ = {
			isa = XCBuildConfiguration;
			buildSettings = {
				ASSETCATALOG_COMPILER_APPICON_NAME = AppIcon;
				FRAMEWORK_SEARCH_PATHS = (
					"$(inherited)",
					"$(PROJECT_DIR)",
				);
				INFOPLIST_FILE = knockBasic/Info.plist;
				LD_RUNPATH_SEARCH_PATHS = "$(inherited) @executable_path/Frameworks";
				PRODUCT_NAME = "$(TARGET_NAME)";
			};
			name = Debug;
		};
		D946B19C1A69BDC100369EE7 /* Release */ = {
			isa = XCBuildConfiguration;
			buildSettings = {
				ASSETCATALOG_COMPILER_APPICON_NAME = AppIcon;
				FRAMEWORK_SEARCH_PATHS = (
					"$(inherited)",
					"$(PROJECT_DIR)",
				);
				INFOPLIST_FILE = knockBasic/Info.plist;
				LD_RUNPATH_SEARCH_PATHS = "$(inherited) @executable_path/Frameworks";
				PRODUCT_NAME = "$(TARGET_NAME)";
			};
			name = Release;
		};
		D946B19E1A69BDC100369EE7 /* Debug */ = {
			isa = XCBuildConfiguration;
			buildSettings = {
				BUNDLE_LOADER = "$(TEST_HOST)";
				FRAMEWORK_SEARCH_PATHS = (
					"$(SDKROOT)/Developer/Library/Frameworks",
					"$(inherited)",
				);
				GCC_PREPROCESSOR_DEFINITIONS = (
					"DEBUG=1",
					"$(inherited)",
				);
				INFOPLIST_FILE = knockBasicTests/Info.plist;
				LD_RUNPATH_SEARCH_PATHS = "$(inherited) @executable_path/Frameworks @loader_path/Frameworks";
				PRODUCT_NAME = "$(TARGET_NAME)";
				TEST_HOST = "$(BUILT_PRODUCTS_DIR)/knockBasic.app/knockBasic";
			};
			name = Debug;
		};
		D946B19F1A69BDC100369EE7 /* Release */ = {
			isa = XCBuildConfiguration;
			buildSettings = {
				BUNDLE_LOADER = "$(TEST_HOST)";
				FRAMEWORK_SEARCH_PATHS = (
					"$(SDKROOT)/Developer/Library/Frameworks",
					"$(inherited)",
				);
				INFOPLIST_FILE = knockBasicTests/Info.plist;
				LD_RUNPATH_SEARCH_PATHS = "$(inherited) @executable_path/Frameworks @loader_path/Frameworks";
				PRODUCT_NAME = "$(TARGET_NAME)";
				TEST_HOST = "$(BUILT_PRODUCTS_DIR)/knockBasic.app/knockBasic";
			};
			name = Release;
		};
/* End XCBuildConfiguration section */

/* Begin XCConfigurationList section */
		D946B16F1A69BDC000369EE7 /* Build configuration list for PBXProject "knockBasic" */ = {
			isa = XCConfigurationList;
			buildConfigurations = (
				D946B1981A69BDC100369EE7 /* Debug */,
				D946B1991A69BDC100369EE7 /* Release */,
			);
			defaultConfigurationIsVisible = 0;
			defaultConfigurationName = Release;
		};
		D946B19A1A69BDC100369EE7 /* Build configuration list for PBXNativeTarget "knockBasic" */ = {
			isa = XCConfigurationList;
			buildConfigurations = (
				D946B19B1A69BDC100369EE7 /* Debug */,
				D946B19C1A69BDC100369EE7 /* Release */,
			);
			defaultConfigurationIsVisible = 0;
			defaultConfigurationName = Release;
		};
		D946B19D1A69BDC100369EE7 /* Build configuration list for PBXNativeTarget "knockBasicTests" */ = {
			isa = XCConfigurationList;
			buildConfigurations = (
				D946B19E1A69BDC100369EE7 /* Debug */,
				D946B19F1A69BDC100369EE7 /* Release */,
			);
			defaultConfigurationIsVisible = 0;
			defaultConfigurationName = Release;
		};
/* End XCConfigurationList section */

/* Begin XCVersionGroup section */
		D946B17E1A69BDC000369EE7 /* knockBasic.xcdatamodeld */ = {
			isa = XCVersionGroup;
			children = (
				D946B17F1A69BDC000369EE7 /* knockBasic.xcdatamodel */,
			);
			currentVersion = D946B17F1A69BDC000369EE7 /* knockBasic.xcdatamodel */;
			path = knockBasic.xcdatamodeld;
			sourceTree = "<group>";
			versionGroupType = wrapper.xcdatamodel;
		};
/* End XCVersionGroup section */
	};
	rootObject = D946B16C1A69BDC000369EE7 /* Project object */;
}
